// !$*UTF8*$!
{
	archiveVersion = 1;
	classes = {
	};
	objectVersion = 55;
	objects = {

/* Begin PBXBuildFile section */
		6335937028037F94007FD10B /* AppDelegate.swift in Sources */ = {isa = PBXBuildFile; fileRef = 6335936F28037F94007FD10B /* AppDelegate.swift */; };
		6335937228037F94007FD10B /* art.scnassets in Resources */ = {isa = PBXBuildFile; fileRef = 6335937128037F94007FD10B /* art.scnassets */; };
		6335937428037F94007FD10B /* ViewController.swift in Sources */ = {isa = PBXBuildFile; fileRef = 6335937328037F94007FD10B /* ViewController.swift */; };
		6335937728037F94007FD10B /* Main.storyboard in Resources */ = {isa = PBXBuildFile; fileRef = 6335937528037F94007FD10B /* Main.storyboard */; };
		6335937928037F96007FD10B /* Assets.xcassets in Resources */ = {isa = PBXBuildFile; fileRef = 6335937828037F96007FD10B /* Assets.xcassets */; };
		6335937C28037F96007FD10B /* LaunchScreen.storyboard in Resources */ = {isa = PBXBuildFile; fileRef = 6335937A28037F96007FD10B /* LaunchScreen.storyboard */; };
		636344F92842E13400ABDC00 /* LinePath.swift in Sources */ = {isa = PBXBuildFile; fileRef = 636344F82842E13400ABDC00 /* LinePath.swift */; };
		636CAB6F283FE3B40040700D /* MapViewController.swift in Sources */ = {isa = PBXBuildFile; fileRef = 636CAB6E283FE3B40040700D /* MapViewController.swift */; };
		6382F438284E741F00FDDFE8 /* TableViewController.swift in Sources */ = {isa = PBXBuildFile; fileRef = 6382F437284E741F00FDDFE8 /* TableViewController.swift */; };
		63C0548F2880A364001212DE /* customroute.swift in Sources */ = {isa = PBXBuildFile; fileRef = 63C0548E2880A364001212DE /* customroute.swift */; };
		63DBD0122889D909006547A5 /* SCNNode+Extensions.swift in Sources */ = {isa = PBXBuildFile; fileRef = 63DBD0112889D909006547A5 /* SCNNode+Extensions.swift */; };
		83BACE35DE089A33D82F18AA /* Pods_landmarkar.framework in Frameworks */ = {isa = PBXBuildFile; fileRef = 2F0BEDDDBC89EB60F2DBB81C /* Pods_landmarkar.framework */; };
/* End PBXBuildFile section */

/* Begin PBXFileReference section */
		2F0BEDDDBC89EB60F2DBB81C /* Pods_landmarkar.framework */ = {isa = PBXFileReference; explicitFileType = wrapper.framework; includeInIndex = 0; path = Pods_landmarkar.framework; sourceTree = BUILT_PRODUCTS_DIR; };
		6335936C28037F94007FD10B /* UniLeeds AR Map.app */ = {isa = PBXFileReference; explicitFileType = wrapper.application; includeInIndex = 0; path = "UniLeeds AR Map.app"; sourceTree = BUILT_PRODUCTS_DIR; };
		6335936F28037F94007FD10B /* AppDelegate.swift */ = {isa = PBXFileReference; lastKnownFileType = sourcecode.swift; path = AppDelegate.swift; sourceTree = "<group>"; };
		6335937128037F94007FD10B /* art.scnassets */ = {isa = PBXFileReference; lastKnownFileType = wrapper.scnassets; path = art.scnassets; sourceTree = "<group>"; };
		6335937328037F94007FD10B /* ViewController.swift */ = {isa = PBXFileReference; lastKnownFileType = sourcecode.swift; path = ViewController.swift; sourceTree = "<group>"; };
		6335937628037F94007FD10B /* Base */ = {isa = PBXFileReference; lastKnownFileType = file.storyboard; name = Base; path = Base.lproj/Main.storyboard; sourceTree = "<group>"; };
		6335937828037F96007FD10B /* Assets.xcassets */ = {isa = PBXFileReference; lastKnownFileType = folder.assetcatalog; path = Assets.xcassets; sourceTree = "<group>"; };
		6335937B28037F96007FD10B /* Base */ = {isa = PBXFileReference; lastKnownFileType = file.storyboard; name = Base; path = Base.lproj/LaunchScreen.storyboard; sourceTree = "<group>"; };
		636344F82842E13400ABDC00 /* LinePath.swift */ = {isa = PBXFileReference; lastKnownFileType = sourcecode.swift; path = LinePath.swift; sourceTree = "<group>"; };
		636CAB6E283FE3B40040700D /* MapViewController.swift */ = {isa = PBXFileReference; lastKnownFileType = sourcecode.swift; path = MapViewController.swift; sourceTree = "<group>"; };
		6382F437284E741F00FDDFE8 /* TableViewController.swift */ = {isa = PBXFileReference; lastKnownFileType = sourcecode.swift; path = TableViewController.swift; sourceTree = "<group>"; };
		63C0548E2880A364001212DE /* customroute.swift */ = {isa = PBXFileReference; lastKnownFileType = sourcecode.swift; path = customroute.swift; sourceTree = "<group>"; };
		63DBD0112889D909006547A5 /* SCNNode+Extensions.swift */ = {isa = PBXFileReference; lastKnownFileType = sourcecode.swift; path = "SCNNode+Extensions.swift"; sourceTree = "<group>"; };
		68E541EB5FA7456AE2EDC69C /* Pods-landmarkar.debug.xcconfig */ = {isa = PBXFileReference; includeInIndex = 1; lastKnownFileType = text.xcconfig; name = "Pods-landmarkar.debug.xcconfig"; path = "Target Support Files/Pods-landmarkar/Pods-landmarkar.debug.xcconfig"; sourceTree = "<group>"; };
		DD9D8088369E1D78ED0C1FF1 /* Pods-landmarkar.release.xcconfig */ = {isa = PBXFileReference; includeInIndex = 1; lastKnownFileType = text.xcconfig; name = "Pods-landmarkar.release.xcconfig"; path = "Target Support Files/Pods-landmarkar/Pods-landmarkar.release.xcconfig"; sourceTree = "<group>"; };
/* End PBXFileReference section */

/* Begin PBXFrameworksBuildPhase section */
		6335936928037F94007FD10B /* Frameworks */ = {
			isa = PBXFrameworksBuildPhase;
			buildActionMask = 2147483647;
			files = (
				83BACE35DE089A33D82F18AA /* Pods_landmarkar.framework in Frameworks */,
			);
			runOnlyForDeploymentPostprocessing = 0;
		};
/* End PBXFrameworksBuildPhase section */

/* Begin PBXGroup section */
		27C24CCB2201ABF70EB345FE /* Frameworks */ = {
			isa = PBXGroup;
			children = (
				2F0BEDDDBC89EB60F2DBB81C /* Pods_landmarkar.framework */,
			);
			name = Frameworks;
			sourceTree = "<group>";
		};
		6335936328037F94007FD10B = {
			isa = PBXGroup;
			children = (
				6335936E28037F94007FD10B /* landmarkar */,
				6335936D28037F94007FD10B /* Products */,
				6AAFC6DADF696558C2FB7019 /* Pods */,
				27C24CCB2201ABF70EB345FE /* Frameworks */,
			);
			sourceTree = "<group>";
		};
		6335936D28037F94007FD10B /* Products */ = {
			isa = PBXGroup;
			children = (
				6335936C28037F94007FD10B /* UniLeeds AR Map.app */,
			);
			name = Products;
			sourceTree = "<group>";
		};
		6335936E28037F94007FD10B /* landmarkar */ = {
			isa = PBXGroup;
			children = (
				6335936F28037F94007FD10B /* AppDelegate.swift */,
				6335937128037F94007FD10B /* art.scnassets */,
				636CAB6E283FE3B40040700D /* MapViewController.swift */,
				6382F437284E741F00FDDFE8 /* TableViewController.swift */,
				6335937328037F94007FD10B /* ViewController.swift */,
				636344F82842E13400ABDC00 /* LinePath.swift */,
				63C0548E2880A364001212DE /* customroute.swift */,
				63DBD0112889D909006547A5 /* SCNNode+Extensions.swift */,
				6335937528037F94007FD10B /* Main.storyboard */,
				6335937828037F96007FD10B /* Assets.xcassets */,
				6335937A28037F96007FD10B /* LaunchScreen.storyboard */,
			);
			path = landmarkar;
			sourceTree = "<group>";
		};
		6AAFC6DADF696558C2FB7019 /* Pods */ = {
			isa = PBXGroup;
			children = (
				68E541EB5FA7456AE2EDC69C /* Pods-landmarkar.debug.xcconfig */,
				DD9D8088369E1D78ED0C1FF1 /* Pods-landmarkar.release.xcconfig */,
			);
			path = Pods;
			sourceTree = "<group>";
		};
/* End PBXGroup section */

/* Begin PBXNativeTarget section */
		6335936B28037F94007FD10B /* landmarkar */ = {
			isa = PBXNativeTarget;
			buildConfigurationList = 6335937F28037F96007FD10B /* Build configuration list for PBXNativeTarget "landmarkar" */;
			buildPhases = (
				3BFB5F665D26DB3D613813DD /* [CP] Check Pods Manifest.lock */,
				6335936828037F94007FD10B /* Sources */,
				6335936928037F94007FD10B /* Frameworks */,
				6335936A28037F94007FD10B /* Resources */,
				4291F43CD9423DF28C4C3F4B /* [CP] Embed Pods Frameworks */,
			);
			buildRules = (
			);
			dependencies = (
			);
			name = landmarkar;
			productName = landmarkar;
			productReference = 6335936C28037F94007FD10B /* UniLeeds AR Map.app */;
			productType = "com.apple.product-type.application";
		};
/* End PBXNativeTarget section */

/* Begin PBXProject section */
		6335936428037F94007FD10B /* Project object */ = {
			isa = PBXProject;
			attributes = {
				BuildIndependentTargetsInParallel = 1;
				LastSwiftUpdateCheck = 1330;
				LastUpgradeCheck = 1330;
				TargetAttributes = {
					6335936B28037F94007FD10B = {
						CreatedOnToolsVersion = 13.3;
					};
				};
			};
			buildConfigurationList = 6335936728037F94007FD10B /* Build configuration list for PBXProject "landmarkar" */;
			compatibilityVersion = "Xcode 13.0";
			developmentRegion = en;
			hasScannedForEncodings = 0;
			knownRegions = (
				en,
				Base,
			);
			mainGroup = 6335936328037F94007FD10B;
			productRefGroup = 6335936D28037F94007FD10B /* Products */;
			projectDirPath = "";
			projectRoot = "";
			targets = (
				6335936B28037F94007FD10B /* landmarkar */,
			);
		};
/* End PBXProject section */

/* Begin PBXResourcesBuildPhase section */
		6335936A28037F94007FD10B /* Resources */ = {
			isa = PBXResourcesBuildPhase;
			buildActionMask = 2147483647;
			files = (
				6335937228037F94007FD10B /* art.scnassets in Resources */,
				6335937C28037F96007FD10B /* LaunchScreen.storyboard in Resources */,
				6335937928037F96007FD10B /* Assets.xcassets in Resources */,
				6335937728037F94007FD10B /* Main.storyboard in Resources */,
			);
			runOnlyForDeploymentPostprocessing = 0;
		};
/* End PBXResourcesBuildPhase section */

/* Begin PBXShellScriptBuildPhase section */
		3BFB5F665D26DB3D613813DD /* [CP] Check Pods Manifest.lock */ = {
			isa = PBXShellScriptBuildPhase;
			buildActionMask = 2147483647;
			files = (
			);
			inputFileListPaths = (
			);
			inputPaths = (
				"${PODS_PODFILE_DIR_PATH}/Podfile.lock",
				"${PODS_ROOT}/Manifest.lock",
			);
			name = "[CP] Check Pods Manifest.lock";
			outputFileListPaths = (
			);
			outputPaths = (
				"$(DERIVED_FILE_DIR)/Pods-landmarkar-checkManifestLockResult.txt",
			);
			runOnlyForDeploymentPostprocessing = 0;
			shellPath = /bin/sh;
			shellScript = "diff \"${PODS_PODFILE_DIR_PATH}/Podfile.lock\" \"${PODS_ROOT}/Manifest.lock\" > /dev/null\nif [ $? != 0 ] ; then\n    # print error to STDERR\n    echo \"error: The sandbox is not in sync with the Podfile.lock. Run 'pod install' or update your CocoaPods installation.\" >&2\n    exit 1\nfi\n# This output is used by Xcode 'outputs' to avoid re-running this script phase.\necho \"SUCCESS\" > \"${SCRIPT_OUTPUT_FILE_0}\"\n";
			showEnvVarsInLog = 0;
		};
		4291F43CD9423DF28C4C3F4B /* [CP] Embed Pods Frameworks */ = {
			isa = PBXShellScriptBuildPhase;
			buildActionMask = 2147483647;
			files = (
			);
			inputFileListPaths = (
				"${PODS_ROOT}/Target Support Files/Pods-landmarkar/Pods-landmarkar-frameworks-${CONFIGURATION}-input-files.xcfilelist",
			);
			name = "[CP] Embed Pods Frameworks";
			outputFileListPaths = (
				"${PODS_ROOT}/Target Support Files/Pods-landmarkar/Pods-landmarkar-frameworks-${CONFIGURATION}-output-files.xcfilelist",
			);
			runOnlyForDeploymentPostprocessing = 0;
			shellPath = /bin/sh;
			shellScript = "\"${PODS_ROOT}/Target Support Files/Pods-landmarkar/Pods-landmarkar-frameworks.sh\"\n";
			showEnvVarsInLog = 0;
		};
/* End PBXShellScriptBuildPhase section */

/* Begin PBXSourcesBuildPhase section */
		6335936828037F94007FD10B /* Sources */ = {
			isa = PBXSourcesBuildPhase;
			buildActionMask = 2147483647;
			files = (
				63C0548F2880A364001212DE /* customroute.swift in Sources */,
				6335937428037F94007FD10B /* ViewController.swift in Sources */,
				6382F438284E741F00FDDFE8 /* TableViewController.swift in Sources */,
				636344F92842E13400ABDC00 /* LinePath.swift in Sources */,
				6335937028037F94007FD10B /* AppDelegate.swift in Sources */,
				63DBD0122889D909006547A5 /* SCNNode+Extensions.swift in Sources */,
				636CAB6F283FE3B40040700D /* MapViewController.swift in Sources */,
			);
			runOnlyForDeploymentPostprocessing = 0;
		};
/* End PBXSourcesBuildPhase section */

/* Begin PBXVariantGroup section */
		6335937528037F94007FD10B /* Main.storyboard */ = {
			isa = PBXVariantGroup;
			children = (
				6335937628037F94007FD10B /* Base */,
			);
			name = Main.storyboard;
			sourceTree = "<group>";
		};
		6335937A28037F96007FD10B /* LaunchScreen.storyboard */ = {
			isa = PBXVariantGroup;
			children = (
				6335937B28037F96007FD10B /* Base */,
			);
			name = LaunchScreen.storyboard;
			sourceTree = "<group>";
		};
/* End PBXVariantGroup section */

/* Begin XCBuildConfiguration section */
		6335937D28037F96007FD10B /* Debug */ = {
			isa = XCBuildConfiguration;
			buildSettings = {
				ALWAYS_SEARCH_USER_PATHS = NO;
				CLANG_ANALYZER_NONNULL = YES;
				CLANG_ANALYZER_NUMBER_OBJECT_CONVERSION = YES_AGGRESSIVE;
				CLANG_CXX_LANGUAGE_STANDARD = "gnu++17";
				CLANG_ENABLE_MODULES = YES;
				CLANG_ENABLE_OBJC_ARC = YES;
				CLANG_ENABLE_OBJC_WEAK = YES;
				CLANG_WARN_BLOCK_CAPTURE_AUTORELEASING = YES;
				CLANG_WARN_BOOL_CONVERSION = YES;
				CLANG_WARN_COMMA = YES;
				CLANG_WARN_CONSTANT_CONVERSION = YES;
				CLANG_WARN_DEPRECATED_OBJC_IMPLEMENTATIONS = YES;
				CLANG_WARN_DIRECT_OBJC_ISA_USAGE = YES_ERROR;
				CLANG_WARN_DOCUMENTATION_COMMENTS = YES;
				CLANG_WARN_EMPTY_BODY = YES;
				CLANG_WARN_ENUM_CONVERSION = YES;
				CLANG_WARN_INFINITE_RECURSION = YES;
				CLANG_WARN_INT_CONVERSION = YES;
				CLANG_WARN_NON_LITERAL_NULL_CONVERSION = YES;
				CLANG_WARN_OBJC_IMPLICIT_RETAIN_SELF = YES;
				CLANG_WARN_OBJC_LITERAL_CONVERSION = YES;
				CLANG_WARN_OBJC_ROOT_CLASS = YES_ERROR;
				CLANG_WARN_QUOTED_INCLUDE_IN_FRAMEWORK_HEADER = YES;
				CLANG_WARN_RANGE_LOOP_ANALYSIS = YES;
				CLANG_WARN_STRICT_PROTOTYPES = YES;
				CLANG_WARN_SUSPICIOUS_MOVE = YES;
				CLANG_WARN_UNGUARDED_AVAILABILITY = YES_AGGRESSIVE;
				CLANG_WARN_UNREACHABLE_CODE = YES;
				CLANG_WARN__DUPLICATE_METHOD_MATCH = YES;
				COPY_PHASE_STRIP = NO;
				DEBUG_INFORMATION_FORMAT = dwarf;
				ENABLE_STRICT_OBJC_MSGSEND = YES;
				ENABLE_TESTABILITY = YES;
				GCC_C_LANGUAGE_STANDARD = gnu11;
				GCC_DYNAMIC_NO_PIC = NO;
				GCC_NO_COMMON_BLOCKS = YES;
				GCC_OPTIMIZATION_LEVEL = 0;
				GCC_PREPROCESSOR_DEFINITIONS = (
					"DEBUG=1",
					"$(inherited)",
				);
				GCC_WARN_64_TO_32_BIT_CONVERSION = YES;
				GCC_WARN_ABOUT_RETURN_TYPE = YES_ERROR;
				GCC_WARN_UNDECLARED_SELECTOR = YES;
				GCC_WARN_UNINITIALIZED_AUTOS = YES_AGGRESSIVE;
				GCC_WARN_UNUSED_FUNCTION = YES;
				GCC_WARN_UNUSED_VARIABLE = YES;
				IPHONEOS_DEPLOYMENT_TARGET = 15.4;
				MTL_ENABLE_DEBUG_INFO = INCLUDE_SOURCE;
				MTL_FAST_MATH = YES;
				ONLY_ACTIVE_ARCH = YES;
				SDKROOT = iphoneos;
				SWIFT_ACTIVE_COMPILATION_CONDITIONS = DEBUG;
				SWIFT_OPTIMIZATION_LEVEL = "-Onone";
			};
			name = Debug;
		};
		6335937E28037F96007FD10B /* Release */ = {
			isa = XCBuildConfiguration;
			buildSettings = {
				ALWAYS_SEARCH_USER_PATHS = NO;
				CLANG_ANALYZER_NONNULL = YES;
				CLANG_ANALYZER_NUMBER_OBJECT_CONVERSION = YES_AGGRESSIVE;
				CLANG_CXX_LANGUAGE_STANDARD = "gnu++17";
				CLANG_ENABLE_MODULES = YES;
				CLANG_ENABLE_OBJC_ARC = YES;
				CLANG_ENABLE_OBJC_WEAK = YES;
				CLANG_WARN_BLOCK_CAPTURE_AUTORELEASING = YES;
				CLANG_WARN_BOOL_CONVERSION = YES;
				CLANG_WARN_COMMA = YES;
				CLANG_WARN_CONSTANT_CONVERSION = YES;
				CLANG_WARN_DEPRECATED_OBJC_IMPLEMENTATIONS = YES;
				CLANG_WARN_DIRECT_OBJC_ISA_USAGE = YES_ERROR;
				CLANG_WARN_DOCUMENTATION_COMMENTS = YES;
				CLANG_WARN_EMPTY_BODY = YES;
				CLANG_WARN_ENUM_CONVERSION = YES;
				CLANG_WARN_INFINITE_RECURSION = YES;
				CLANG_WARN_INT_CONVERSION = YES;
				CLANG_WARN_NON_LITERAL_NULL_CONVERSION = YES;
				CLANG_WARN_OBJC_IMPLICIT_RETAIN_SELF = YES;
				CLANG_WARN_OBJC_LITERAL_CONVERSION = YES;
				CLANG_WARN_OBJC_ROOT_CLASS = YES_ERROR;
				CLANG_WARN_QUOTED_INCLUDE_IN_FRAMEWORK_HEADER = YES;
				CLANG_WARN_RANGE_LOOP_ANALYSIS = YES;
				CLANG_WARN_STRICT_PROTOTYPES = YES;
				CLANG_WARN_SUSPICIOUS_MOVE = YES;
				CLANG_WARN_UNGUARDED_AVAILABILITY = YES_AGGRESSIVE;
				CLANG_WARN_UNREACHABLE_CODE = YES;
				CLANG_WARN__DUPLICATE_METHOD_MATCH = YES;
				COPY_PHASE_STRIP = NO;
				DEBUG_INFORMATION_FORMAT = "dwarf-with-dsym";
				ENABLE_NS_ASSERTIONS = NO;
				ENABLE_STRICT_OBJC_MSGSEND = YES;
				GCC_C_LANGUAGE_STANDARD = gnu11;
				GCC_NO_COMMON_BLOCKS = YES;
				GCC_WARN_64_TO_32_BIT_CONVERSION = YES;
				GCC_WARN_ABOUT_RETURN_TYPE = YES_ERROR;
				GCC_WARN_UNDECLARED_SELECTOR = YES;
				GCC_WARN_UNINITIALIZED_AUTOS = YES_AGGRESSIVE;
				GCC_WARN_UNUSED_FUNCTION = YES;
				GCC_WARN_UNUSED_VARIABLE = YES;
				IPHONEOS_DEPLOYMENT_TARGET = 15.4;
				MTL_ENABLE_DEBUG_INFO = NO;
				MTL_FAST_MATH = YES;
				SDKROOT = iphoneos;
				SWIFT_COMPILATION_MODE = wholemodule;
				SWIFT_OPTIMIZATION_LEVEL = "-O";
				VALIDATE_PRODUCT = YES;
			};
			name = Release;
		};
		6335938028037F96007FD10B /* Debug */ = {
			isa = XCBuildConfiguration;
			baseConfigurationReference = 68E541EB5FA7456AE2EDC69C /* Pods-landmarkar.debug.xcconfig */;
			buildSettings = {
				ASSETCATALOG_COMPILER_APPICON_NAME = AppIcon;
				ASSETCATALOG_COMPILER_GLOBAL_ACCENT_COLOR_NAME = AccentColor;
				CODE_SIGN_STYLE = Automatic;
				CURRENT_PROJECT_VERSION = 1;
				DEVELOPMENT_TEAM = 3JKF392KB8;
				GENERATE_INFOPLIST_FILE = YES;
				INFOPLIST_KEY_NSCameraUsageDescription = "need to use the camera for AR";
				INFOPLIST_KEY_NSLocationAlwaysAndWhenInUseUsageDescription = "track location";
				INFOPLIST_KEY_NSLocationWhenInUseUsageDescription = "track location";
				INFOPLIST_KEY_UIApplicationSupportsIndirectInputEvents = YES;
				INFOPLIST_KEY_UILaunchStoryboardName = LaunchScreen;
				INFOPLIST_KEY_UIMainStoryboardFile = Main;
				INFOPLIST_KEY_UIRequiredDeviceCapabilities = arkit;
				INFOPLIST_KEY_UIStatusBarHidden = YES;
				INFOPLIST_KEY_UISupportedInterfaceOrientations_iPad = "UIInterfaceOrientationPortrait UIInterfaceOrientationPortraitUpsideDown UIInterfaceOrientationLandscapeLeft UIInterfaceOrientationLandscapeRight";
				INFOPLIST_KEY_UISupportedInterfaceOrientations_iPhone = "UIInterfaceOrientationPortrait UIInterfaceOrientationLandscapeLeft UIInterfaceOrientationLandscapeRight";
				IPHONEOS_DEPLOYMENT_TARGET = 15.5;
				LD_RUNPATH_SEARCH_PATHS = (
					"$(inherited)",
					"@executable_path/Frameworks",
				);
				MARKETING_VERSION = 1.0;
				PRODUCT_BUNDLE_IDENTIFIER = "Jasper.UniLeeds-AR-Map";
				PRODUCT_NAME = "UniLeeds AR Map";
				SWIFT_EMIT_LOC_STRINGS = YES;
				SWIFT_VERSION = 5.0;
				TARGETED_DEVICE_FAMILY = "1,2";
			};
			name = Debug;
		};
		6335938128037F96007FD10B /* Release */ = {
			isa = XCBuildConfiguration;
			baseConfigurationReference = DD9D8088369E1D78ED0C1FF1 /* Pods-landmarkar.release.xcconfig */;
			buildSettings = {
				ASSETCATALOG_COMPILER_APPICON_NAME = AppIcon;
				ASSETCATALOG_COMPILER_GLOBAL_ACCENT_COLOR_NAME = AccentColor;
				CODE_SIGN_STYLE = Automatic;
				CURRENT_PROJECT_VERSION = 1;
				DEVELOPMENT_TEAM = 3JKF392KB8;
				GENERATE_INFOPLIST_FILE = YES;
				INFOPLIST_KEY_NSCameraUsageDescription = "need to use the camera for AR";
				INFOPLIST_KEY_NSLocationAlwaysAndWhenInUseUsageDescription = "track location";
				INFOPLIST_KEY_NSLocationWhenInUseUsageDescription = "track location";
				INFOPLIST_KEY_UIApplicationSupportsIndirectInputEvents = YES;
				INFOPLIST_KEY_UILaunchStoryboardName = LaunchScreen;
				INFOPLIST_KEY_UIMainStoryboardFile = Main;
				INFOPLIST_KEY_UIRequiredDeviceCapabilities = arkit;
				INFOPLIST_KEY_UIStatusBarHidden = YES;
				INFOPLIST_KEY_UISupportedInterfaceOrientations_iPad = "UIInterfaceOrientationPortrait UIInterfaceOrientationPortraitUpsideDown UIInterfaceOrientationLandscapeLeft UIInterfaceOrientationLandscapeRight";
				INFOPLIST_KEY_UISupportedInterfaceOrientations_iPhone = "UIInterfaceOrientationPortrait UIInterfaceOrientationLandscapeLeft UIInterfaceOrientationLandscapeRight";
				IPHONEOS_DEPLOYMENT_TARGET = 15.5;
				LD_RUNPATH_SEARCH_PATHS = (
					"$(inherited)",
					"@executable_path/Frameworks",
				);
				MARKETING_VERSION = 1.0;
				PRODUCT_BUNDLE_IDENTIFIER = "Jasper.UniLeeds-AR-Map";
				PRODUCT_NAME = "UniLeeds AR Map";
				SWIFT_EMIT_LOC_STRINGS = YES;
				SWIFT_VERSION = 5.0;
				TARGETED_DEVICE_FAMILY = "1,2";
			};
			name = Release;
		};
/* End XCBuildConfiguration section */

/* Begin XCConfigurationList section */
		6335936728037F94007FD10B /* Build configuration list for PBXProject "landmarkar" */ = {
			isa = XCConfigurationList;
			buildConfigurations = (
				6335937D28037F96007FD10B /* Debug */,
				6335937E28037F96007FD10B /* Release */,
			);
			defaultConfigurationIsVisible = 0;
			defaultConfigurationName = Release;
		};
		6335937F28037F96007FD10B /* Build configuration list for PBXNativeTarget "landmarkar" */ = {
			isa = XCConfigurationList;
			buildConfigurations = (
				6335938028037F96007FD10B /* Debug */,
				6335938128037F96007FD10B /* Release */,
			);
			defaultConfigurationIsVisible = 0;
			defaultConfigurationName = Release;
		};
/* End XCConfigurationList section */
	};
	rootObject = 6335936428037F94007FD10B /* Project object */;
}
